{
  "name": "todo-listik",
  "version": "1.0.0",
  "lockfileVersion": 3,
  "requires": true,
  "packages": {
    "": {
      "name": "todo-listik",
      "version": "1.0.0",
      "license": "ISC",
      "dependencies": {
        "nanoid": "^3.1.21"
      }
    },
    "node_modules/nanoid": {
      "version": "3.1.21",
      "resolved": "https://registry.npmjs.org/nanoid/-/nanoid-3.1.21.tgz",
      "integrity": "sha512-A6oZraK4DJkAOICstsGH98dvycPr/4GGDH7ZWKmMdd3vGcOurZ6JmWFUt0DA5bzrrn2FrUjmv6mFNWvv8jpppA==",
      "bin": {
        "nanoid": "bin/nanoid.cjs"
      },
      "engines": {
        "node": "^10 || ^12 || ^13.7 || ^14 || >=15.0.1"
      }
    }
  }
}
